
Microsoft Visual Studio Solution File, Format Version 12.00
# Visual Studio 15
VisualStudioVersion = 15.0.28307.539
MinimumVisualStudioVersion = 10.0.40219.1
Project("{FAE04EC0-301F-11D3-BF4B-00C04F79EFBC}") = "AdminDepComputación", "AdminDepComputación\AdminDepComputación.csproj", "{6E58DBE9-01D5-48D4-8F01-09D1AEBF151B}"
EndProject
Project("{FAE04EC0-301F-11D3-BF4B-00C04F79EFBC}") = "Logica", "Logica\Logica.csproj", "{303B361F-DDC6-4D21-87C8-1B5534320618}"
EndProject
Global
	GlobalSection(SolutionConfigurationPlatforms) = preSolution
		Debug|Any CPU = Debug|Any CPU
		Release|Any CPU = Release|Any CPU
	EndGlobalSection
	GlobalSection(ProjectConfigurationPlatforms) = postSolution
		{6E58DBE9-01D5-48D4-8F01-09D1AEBF151B}.Debug|Any CPU.ActiveCfg = Debug|Any CPU
		{6E58DBE9-01D5-48D4-8F01-09D1AEBF151B}.Debug|Any CPU.Build.0 = Debug|Any CPU
		{6E58DBE9-01D5-48D4-8F01-09D1AEBF151B}.Release|Any CPU.ActiveCfg = Release|Any CPU
		{6E58DBE9-01D5-48D4-8F01-09D1AEBF151B}.Release|Any CPU.Build.0 = Release|Any CPU
		{303B361F-DDC6-4D21-87C8-1B5534320618}.Debug|Any CPU.ActiveCfg = Debug|Any CPU
		{303B361F-DDC6-4D21-87C8-1B5534320618}.Debug|Any CPU.Build.0 = Debug|Any CPU
		{303B361F-DDC6-4D21-87C8-1B5534320618}.Release|Any CPU.ActiveCfg = Release|Any CPU
		{303B361F-DDC6-4D21-87C8-1B5534320618}.Release|Any CPU.Build.0 = Release|Any CPU
	EndGlobalSection
	GlobalSection(SolutionProperties) = preSolution
		HideSolutionNode = FALSE
	EndGlobalSection
	GlobalSection(ExtensibilityGlobals) = postSolution
		SolutionGuid = {D5EA0697-499E-4A6D-B1F4-5C198AAD4774}
	EndGlobalSection
EndGlobal
